
Microsoft Visual Studio Solution File, Format Version 12.00
# Visual Studio 14
VisualStudioVersion = 14.0.25123.0
MinimumVisualStudioVersion = 10.0.40219.1
Project("{FAE04EC0-301F-11D3-BF4B-00C04F79EFBC}") = "SimpleFactory", "Factory\SimpleFactory.csproj", "{F828B097-7BCB-42B4-B0BD-849CE926F4B5}"
EndProject
Project("{FAE04EC0-301F-11D3-BF4B-00C04F79EFBC}") = "Observer", "Observer\Observer.csproj", "{5772D262-CABD-49B3-B200-9B6A7431DF14}"
EndProject
Project("{FAE04EC0-301F-11D3-BF4B-00C04F79EFBC}") = "Decorator", "Decorator\Decorator.csproj", "{887C3FE8-F683-483D-AFE9-64223A2EF252}"
EndProject
Project("{FAE04EC0-301F-11D3-BF4B-00C04F79EFBC}") = "Strategy", "Strategy\Strategy.csproj", "{F49955DF-2BBB-460A-9DE6-B91FFD93DB89}"
EndProject
Project("{FAE04EC0-301F-11D3-BF4B-00C04F79EFBC}") = "FactoryMethod", "FactoryMethod\FactoryMethod.csproj", "{F828FB90-8C84-42EE-98E8-2396E1A9112D}"
EndProject
Project("{FAE04EC0-301F-11D3-BF4B-00C04F79EFBC}") = "AbstractFactory", "AbstractFactory\AbstractFactory.csproj", "{8722EC3D-BB8D-4DCB-93C4-E2960E965724}"
EndProject
Project("{2150E333-8FDC-42A3-9474-1A3956D46DE8}") = "Solution Items", "Solution Items", "{A964011C-C5B7-47BD-BD0E-050087AD91CD}"
	ProjectSection(SolutionItems) = preProject
		ReadMe.txt = ReadMe.txt
	EndProjectSection
EndProject
Project("{FAE04EC0-301F-11D3-BF4B-00C04F79EFBC}") = "Mediator", "Mediator\Mediator.csproj", "{68747EB5-0D48-4C49-A31F-AF2BCDA3AF75}"
EndProject
Project("{FAE04EC0-301F-11D3-BF4B-00C04F79EFBC}") = "Command", "Command\Command.csproj", "{FE971464-AC16-4F3E-966F-F7CC86BC7956}"
EndProject
Project("{FAE04EC0-301F-11D3-BF4B-00C04F79EFBC}") = "Template", "Template\Template.csproj", "{58115E92-1194-4D93-85DE-35949B3AEA1E}"
EndProject
Global
	GlobalSection(SolutionConfigurationPlatforms) = preSolution
		Debug|Any CPU = Debug|Any CPU
		Release|Any CPU = Release|Any CPU
	EndGlobalSection
	GlobalSection(ProjectConfigurationPlatforms) = postSolution
		{F828B097-7BCB-42B4-B0BD-849CE926F4B5}.Debug|Any CPU.ActiveCfg = Debug|Any CPU
		{F828B097-7BCB-42B4-B0BD-849CE926F4B5}.Debug|Any CPU.Build.0 = Debug|Any CPU
		{F828B097-7BCB-42B4-B0BD-849CE926F4B5}.Release|Any CPU.ActiveCfg = Release|Any CPU
		{F828B097-7BCB-42B4-B0BD-849CE926F4B5}.Release|Any CPU.Build.0 = Release|Any CPU
		{5772D262-CABD-49B3-B200-9B6A7431DF14}.Debug|Any CPU.ActiveCfg = Debug|Any CPU
		{5772D262-CABD-49B3-B200-9B6A7431DF14}.Debug|Any CPU.Build.0 = Debug|Any CPU
		{5772D262-CABD-49B3-B200-9B6A7431DF14}.Release|Any CPU.ActiveCfg = Release|Any CPU
		{5772D262-CABD-49B3-B200-9B6A7431DF14}.Release|Any CPU.Build.0 = Release|Any CPU
		{887C3FE8-F683-483D-AFE9-64223A2EF252}.Debug|Any CPU.ActiveCfg = Debug|Any CPU
		{887C3FE8-F683-483D-AFE9-64223A2EF252}.Debug|Any CPU.Build.0 = Debug|Any CPU
		{887C3FE8-F683-483D-AFE9-64223A2EF252}.Release|Any CPU.ActiveCfg = Release|Any CPU
		{887C3FE8-F683-483D-AFE9-64223A2EF252}.Release|Any CPU.Build.0 = Release|Any CPU
		{F49955DF-2BBB-460A-9DE6-B91FFD93DB89}.Debug|Any CPU.ActiveCfg = Debug|Any CPU
		{F49955DF-2BBB-460A-9DE6-B91FFD93DB89}.Debug|Any CPU.Build.0 = Debug|Any CPU
		{F49955DF-2BBB-460A-9DE6-B91FFD93DB89}.Release|Any CPU.ActiveCfg = Release|Any CPU
		{F49955DF-2BBB-460A-9DE6-B91FFD93DB89}.Release|Any CPU.Build.0 = Release|Any CPU
		{F828FB90-8C84-42EE-98E8-2396E1A9112D}.Debug|Any CPU.ActiveCfg = Debug|Any CPU
		{F828FB90-8C84-42EE-98E8-2396E1A9112D}.Debug|Any CPU.Build.0 = Debug|Any CPU
		{F828FB90-8C84-42EE-98E8-2396E1A9112D}.Release|Any CPU.ActiveCfg = Release|Any CPU
		{F828FB90-8C84-42EE-98E8-2396E1A9112D}.Release|Any CPU.Build.0 = Release|Any CPU
		{8722EC3D-BB8D-4DCB-93C4-E2960E965724}.Debug|Any CPU.ActiveCfg = Debug|Any CPU
		{8722EC3D-BB8D-4DCB-93C4-E2960E965724}.Debug|Any CPU.Build.0 = Debug|Any CPU
		{8722EC3D-BB8D-4DCB-93C4-E2960E965724}.Release|Any CPU.ActiveCfg = Release|Any CPU
		{8722EC3D-BB8D-4DCB-93C4-E2960E965724}.Release|Any CPU.Build.0 = Release|Any CPU
		{68747EB5-0D48-4C49-A31F-AF2BCDA3AF75}.Debug|Any CPU.ActiveCfg = Debug|Any CPU
		{68747EB5-0D48-4C49-A31F-AF2BCDA3AF75}.Debug|Any CPU.Build.0 = Debug|Any CPU
		{68747EB5-0D48-4C49-A31F-AF2BCDA3AF75}.Release|Any CPU.ActiveCfg = Release|Any CPU
		{68747EB5-0D48-4C49-A31F-AF2BCDA3AF75}.Release|Any CPU.Build.0 = Release|Any CPU
		{FE971464-AC16-4F3E-966F-F7CC86BC7956}.Debug|Any CPU.ActiveCfg = Debug|Any CPU
		{FE971464-AC16-4F3E-966F-F7CC86BC7956}.Debug|Any CPU.Build.0 = Debug|Any CPU
		{FE971464-AC16-4F3E-966F-F7CC86BC7956}.Release|Any CPU.ActiveCfg = Release|Any CPU
		{FE971464-AC16-4F3E-966F-F7CC86BC7956}.Release|Any CPU.Build.0 = Release|Any CPU
		{58115E92-1194-4D93-85DE-35949B3AEA1E}.Debug|Any CPU.ActiveCfg = Debug|Any CPU
		{58115E92-1194-4D93-85DE-35949B3AEA1E}.Debug|Any CPU.Build.0 = Debug|Any CPU
		{58115E92-1194-4D93-85DE-35949B3AEA1E}.Release|Any CPU.ActiveCfg = Release|Any CPU
		{58115E92-1194-4D93-85DE-35949B3AEA1E}.Release|Any CPU.Build.0 = Release|Any CPU
	EndGlobalSection
	GlobalSection(SolutionProperties) = preSolution
		HideSolutionNode = FALSE
	EndGlobalSection
EndGlobal
